<Solution>
  <Configurations>
    <Platform Name="Any CPU" />
    <Platform Name="x64" />
  </Configurations>
  <Folder Name="/Core/">
    <Project Path="source/core/capture/capture.vcxproj" Id="89268611-666b-412a-acd0-a11e4c2abb2f" />
    <Project Path="source/core/util/util.vcxproj" Id="3f538997-485d-48a5-a684-2c557dac9a70" />
  </Folder>
  <Folder Name="/Hooks/">
    <Project Path="source/hooks/hook/hook.vcxproj" Id="832bbabb-8bba-427f-8fd5-cc23c715f916" />
    <Project Path="source/hooks/payload/payload.vcxproj" Id="f9f5cdb0-1c9a-4854-881e-a01acc4f5738" />
  </Folder>
  <Folder Name="/Tools/">
    <Project Path="source/tools/dump/dump.pyproj" Type="888888a0-9f3d-457c-b088-3a5042f75d52" Id="d2927a8c-f0a1-4da4-9bb3-ab80477526fa">
      <Platform Project="AnyCPU" />
      <Build Project="false" />
    </Project>
    <Project Path="source/tools/inject/inject.vcxproj" Id="e26800c4-049f-4d72-80dc-bae445cc966b" />
  </Folder>
</Solution>
